
Microsoft Visual Studio Solution File, Format Version 12.00
# Visual Studio Version 17
VisualStudioVersion = 17.0.31903.59
MinimumVisualStudioVersion = 10.0.40219.1
Project("{2150E333-8FDC-42A3-9474-1A3956D46DE8}") = "src", "src", "{809D121E-80F9-42F7-8D7F-2D7F36B19989}"
EndProject
Project("{FAE04EC0-301F-11D3-BF4B-00C04F79EFBC}") = "FMMultifieldMapper", "src\FMMultifieldMapper\FMMultifieldMapper.csproj", "{556F5C49-1EED-4F7D-9C53-857394B488E4}"
EndProject
Project("{FAE04EC0-301F-11D3-BF4B-00C04F79EFBC}") = "FMMultifieldMapperTests", "src\FMMultifieldMapperTests\FMMultifieldMapperTests.csproj", "{24794378-43CD-4129-819A-1B361C257B1C}"
EndProject
Global
	GlobalSection(SolutionConfigurationPlatforms) = preSolution
		Debug|Any CPU = Debug|Any CPU
		Release|Any CPU = Release|Any CPU
	EndGlobalSection
	GlobalSection(SolutionProperties) = preSolution
		HideSolutionNode = FALSE
	EndGlobalSection
	GlobalSection(ProjectConfigurationPlatforms) = postSolution
		{556F5C49-1EED-4F7D-9C53-857394B488E4}.Debug|Any CPU.ActiveCfg = Debug|Any CPU
		{556F5C49-1EED-4F7D-9C53-857394B488E4}.Debug|Any CPU.Build.0 = Debug|Any CPU
		{556F5C49-1EED-4F7D-9C53-857394B488E4}.Release|Any CPU.ActiveCfg = Release|Any CPU
		{556F5C49-1EED-4F7D-9C53-857394B488E4}.Release|Any CPU.Build.0 = Release|Any CPU
		{24794378-43CD-4129-819A-1B361C257B1C}.Debug|Any CPU.ActiveCfg = Debug|Any CPU
		{24794378-43CD-4129-819A-1B361C257B1C}.Debug|Any CPU.Build.0 = Debug|Any CPU
		{24794378-43CD-4129-819A-1B361C257B1C}.Release|Any CPU.ActiveCfg = Release|Any CPU
		{24794378-43CD-4129-819A-1B361C257B1C}.Release|Any CPU.Build.0 = Release|Any CPU
	EndGlobalSection
	GlobalSection(NestedProjects) = preSolution
		{556F5C49-1EED-4F7D-9C53-857394B488E4} = {809D121E-80F9-42F7-8D7F-2D7F36B19989}
		{24794378-43CD-4129-819A-1B361C257B1C} = {809D121E-80F9-42F7-8D7F-2D7F36B19989}
	EndGlobalSection
EndGlobal
